
Microsoft Visual Studio Solution File, Format Version 11.00
# Visual Studio 2010
Project("{FAE04EC0-301F-11D3-BF4B-00C04F79EFBC}") = "FooSync", "FooSync\FooSync.csproj", "{9DD175E1-7392-4A9E-A4DB-22F9EE18D916}"
EndProject
Project("{FAE04EC0-301F-11D3-BF4B-00C04F79EFBC}") = "FooSync.ConsoleApp", "FooSync.ConsoleApp\FooSync.ConsoleApp.csproj", "{3A7B58E5-EFA8-4BDE-8117-644648488293}"
EndProject
Project("{FAE04EC0-301F-11D3-BF4B-00C04F79EFBC}") = "FooSync.WPFApp", "FooSync.WPFApp\FooSync.WPFApp.csproj", "{94CE44D4-502A-4335-B28F-6E111FE867AA}"
EndProject
Global
	GlobalSection(SolutionConfigurationPlatforms) = preSolution
		Debug|Any CPU = Debug|Any CPU
		Debug|Mixed Platforms = Debug|Mixed Platforms
		Debug|x86 = Debug|x86
		Release|Any CPU = Release|Any CPU
		Release|Mixed Platforms = Release|Mixed Platforms
		Release|x86 = Release|x86
	EndGlobalSection
	GlobalSection(ProjectConfigurationPlatforms) = postSolution
		{9DD175E1-7392-4A9E-A4DB-22F9EE18D916}.Debug|Any CPU.ActiveCfg = Debug|Any CPU
		{9DD175E1-7392-4A9E-A4DB-22F9EE18D916}.Debug|Any CPU.Build.0 = Debug|Any CPU
		{9DD175E1-7392-4A9E-A4DB-22F9EE18D916}.Debug|Mixed Platforms.ActiveCfg = Debug|Any CPU
		{9DD175E1-7392-4A9E-A4DB-22F9EE18D916}.Debug|Mixed Platforms.Build.0 = Debug|Any CPU
		{9DD175E1-7392-4A9E-A4DB-22F9EE18D916}.Debug|x86.ActiveCfg = Debug|Any CPU
		{9DD175E1-7392-4A9E-A4DB-22F9EE18D916}.Release|Any CPU.ActiveCfg = Release|Any CPU
		{9DD175E1-7392-4A9E-A4DB-22F9EE18D916}.Release|Any CPU.Build.0 = Release|Any CPU
		{9DD175E1-7392-4A9E-A4DB-22F9EE18D916}.Release|Mixed Platforms.ActiveCfg = Release|Any CPU
		{9DD175E1-7392-4A9E-A4DB-22F9EE18D916}.Release|Mixed Platforms.Build.0 = Release|Any CPU
		{9DD175E1-7392-4A9E-A4DB-22F9EE18D916}.Release|x86.ActiveCfg = Release|Any CPU
		{3A7B58E5-EFA8-4BDE-8117-644648488293}.Debug|Any CPU.ActiveCfg = Debug|x86
		{3A7B58E5-EFA8-4BDE-8117-644648488293}.Debug|Mixed Platforms.ActiveCfg = Debug|x86
		{3A7B58E5-EFA8-4BDE-8117-644648488293}.Debug|Mixed Platforms.Build.0 = Debug|x86
		{3A7B58E5-EFA8-4BDE-8117-644648488293}.Debug|x86.ActiveCfg = Debug|x86
		{3A7B58E5-EFA8-4BDE-8117-644648488293}.Debug|x86.Build.0 = Debug|x86
		{3A7B58E5-EFA8-4BDE-8117-644648488293}.Release|Any CPU.ActiveCfg = Release|x86
		{3A7B58E5-EFA8-4BDE-8117-644648488293}.Release|Mixed Platforms.ActiveCfg = Release|x86
		{3A7B58E5-EFA8-4BDE-8117-644648488293}.Release|Mixed Platforms.Build.0 = Release|x86
		{3A7B58E5-EFA8-4BDE-8117-644648488293}.Release|x86.ActiveCfg = Release|x86
		{3A7B58E5-EFA8-4BDE-8117-644648488293}.Release|x86.Build.0 = Release|x86
		{94CE44D4-502A-4335-B28F-6E111FE867AA}.Debug|Any CPU.ActiveCfg = Debug|x86
		{94CE44D4-502A-4335-B28F-6E111FE867AA}.Debug|Mixed Platforms.ActiveCfg = Debug|x86
		{94CE44D4-502A-4335-B28F-6E111FE867AA}.Debug|Mixed Platforms.Build.0 = Debug|x86
		{94CE44D4-502A-4335-B28F-6E111FE867AA}.Debug|x86.ActiveCfg = Debug|x86
		{94CE44D4-502A-4335-B28F-6E111FE867AA}.Debug|x86.Build.0 = Debug|x86
		{94CE44D4-502A-4335-B28F-6E111FE867AA}.Release|Any CPU.ActiveCfg = Release|x86
		{94CE44D4-502A-4335-B28F-6E111FE867AA}.Release|Mixed Platforms.ActiveCfg = Release|x86
		{94CE44D4-502A-4335-B28F-6E111FE867AA}.Release|Mixed Platforms.Build.0 = Release|x86
		{94CE44D4-502A-4335-B28F-6E111FE867AA}.Release|x86.ActiveCfg = Release|x86
		{94CE44D4-502A-4335-B28F-6E111FE867AA}.Release|x86.Build.0 = Release|x86
	EndGlobalSection
	GlobalSection(SolutionProperties) = preSolution
		HideSolutionNode = FALSE
	EndGlobalSection
EndGlobal
