
Microsoft Visual Studio Solution File, Format Version 11.00
# Visual Studio 2010
Project("{FAE04EC0-301F-11D3-BF4B-00C04F79EFBC}") = "FooSyncEngine", "FooSync\FooSyncEngine.csproj", "{9DD175E1-7392-4A9E-A4DB-22F9EE18D916}"
EndProject
Project("{FAE04EC0-301F-11D3-BF4B-00C04F79EFBC}") = "FooSync.ConsoleApp", "FooSync.ConsoleApp\FooSync.ConsoleApp.csproj", "{3A7B58E5-EFA8-4BDE-8117-644648488293}"
EndProject
Project("{FAE04EC0-301F-11D3-BF4B-00C04F79EFBC}") = "FooSync.Daemon", "FooSync.Daemon\FooSync.Daemon.csproj", "{A1F44A91-FCD2-486B-8B3B-7F71C25DA40B}"
EndProject
Project("{FAE04EC0-301F-11D3-BF4B-00C04F79EFBC}") = "FooSync.WPFApp", "FooSync.WPFApp\FooSync.WPFApp.csproj", "{94CE44D4-502A-4335-B28F-6E111FE867AA}"
EndProject
Project("{FAE04EC0-301F-11D3-BF4B-00C04F79EFBC}") = "NetworkTest", "NetworkTest\NetworkTest.csproj", "{0B535A74-7F7F-4C12-86B4-78D69FC8FB42}"
EndProject
Global
	GlobalSection(SolutionConfigurationPlatforms) = preSolution
		Debug|Any CPU = Debug|Any CPU
		Debug|x86 = Debug|x86
		Release|Any CPU = Release|Any CPU
		Release|x86 = Release|x86
	EndGlobalSection
	GlobalSection(ProjectConfigurationPlatforms) = postSolution
		{9DD175E1-7392-4A9E-A4DB-22F9EE18D916}.Debug|Any CPU.ActiveCfg = Debug|Any CPU
		{9DD175E1-7392-4A9E-A4DB-22F9EE18D916}.Debug|Any CPU.Build.0 = Debug|Any CPU
		{9DD175E1-7392-4A9E-A4DB-22F9EE18D916}.Debug|x86.ActiveCfg = Debug|x86
		{9DD175E1-7392-4A9E-A4DB-22F9EE18D916}.Debug|x86.Build.0 = Debug|x86
		{9DD175E1-7392-4A9E-A4DB-22F9EE18D916}.Release|Any CPU.ActiveCfg = Release|Any CPU
		{9DD175E1-7392-4A9E-A4DB-22F9EE18D916}.Release|Any CPU.Build.0 = Release|Any CPU
		{9DD175E1-7392-4A9E-A4DB-22F9EE18D916}.Release|x86.ActiveCfg = Release|x86
		{9DD175E1-7392-4A9E-A4DB-22F9EE18D916}.Release|x86.Build.0 = Release|x86
		{3A7B58E5-EFA8-4BDE-8117-644648488293}.Debug|Any CPU.ActiveCfg = Debug|Any CPU
		{3A7B58E5-EFA8-4BDE-8117-644648488293}.Debug|Any CPU.Build.0 = Debug|Any CPU
		{3A7B58E5-EFA8-4BDE-8117-644648488293}.Debug|x86.ActiveCfg = Debug|x86
		{3A7B58E5-EFA8-4BDE-8117-644648488293}.Debug|x86.Build.0 = Debug|x86
		{3A7B58E5-EFA8-4BDE-8117-644648488293}.Release|Any CPU.ActiveCfg = Release|Any CPU
		{3A7B58E5-EFA8-4BDE-8117-644648488293}.Release|Any CPU.Build.0 = Release|Any CPU
		{3A7B58E5-EFA8-4BDE-8117-644648488293}.Release|x86.ActiveCfg = Release|x86
		{3A7B58E5-EFA8-4BDE-8117-644648488293}.Release|x86.Build.0 = Release|x86
		{A1F44A91-FCD2-486B-8B3B-7F71C25DA40B}.Debug|Any CPU.ActiveCfg = Debug|Any CPU
		{A1F44A91-FCD2-486B-8B3B-7F71C25DA40B}.Debug|Any CPU.Build.0 = Debug|Any CPU
		{A1F44A91-FCD2-486B-8B3B-7F71C25DA40B}.Debug|x86.ActiveCfg = Debug|x86
		{A1F44A91-FCD2-486B-8B3B-7F71C25DA40B}.Debug|x86.Build.0 = Debug|x86
		{A1F44A91-FCD2-486B-8B3B-7F71C25DA40B}.Release|Any CPU.ActiveCfg = Release|Any CPU
		{A1F44A91-FCD2-486B-8B3B-7F71C25DA40B}.Release|Any CPU.Build.0 = Release|Any CPU
		{A1F44A91-FCD2-486B-8B3B-7F71C25DA40B}.Release|x86.ActiveCfg = Release|x86
		{A1F44A91-FCD2-486B-8B3B-7F71C25DA40B}.Release|x86.Build.0 = Release|x86
		{94CE44D4-502A-4335-B28F-6E111FE867AA}.Debug|Any CPU.ActiveCfg = Debug|Any CPU
		{94CE44D4-502A-4335-B28F-6E111FE867AA}.Debug|Any CPU.Build.0 = Debug|Any CPU
		{94CE44D4-502A-4335-B28F-6E111FE867AA}.Debug|x86.ActiveCfg = Debug|x86
		{94CE44D4-502A-4335-B28F-6E111FE867AA}.Debug|x86.Build.0 = Debug|x86
		{94CE44D4-502A-4335-B28F-6E111FE867AA}.Release|Any CPU.ActiveCfg = Release|Any CPU
		{94CE44D4-502A-4335-B28F-6E111FE867AA}.Release|Any CPU.Build.0 = Release|Any CPU
		{94CE44D4-502A-4335-B28F-6E111FE867AA}.Release|x86.ActiveCfg = Release|x86
		{94CE44D4-502A-4335-B28F-6E111FE867AA}.Release|x86.Build.0 = Release|x86
		{0B535A74-7F7F-4C12-86B4-78D69FC8FB42}.Debug|Any CPU.ActiveCfg = Debug|Any CPU
		{0B535A74-7F7F-4C12-86B4-78D69FC8FB42}.Debug|Any CPU.Build.0 = Debug|Any CPU
		{0B535A74-7F7F-4C12-86B4-78D69FC8FB42}.Debug|x86.ActiveCfg = Debug|x86
		{0B535A74-7F7F-4C12-86B4-78D69FC8FB42}.Debug|x86.Build.0 = Debug|x86
		{0B535A74-7F7F-4C12-86B4-78D69FC8FB42}.Release|Any CPU.ActiveCfg = Release|Any CPU
		{0B535A74-7F7F-4C12-86B4-78D69FC8FB42}.Release|Any CPU.Build.0 = Release|Any CPU
		{0B535A74-7F7F-4C12-86B4-78D69FC8FB42}.Release|x86.ActiveCfg = Release|x86
		{0B535A74-7F7F-4C12-86B4-78D69FC8FB42}.Release|x86.Build.0 = Release|x86
	EndGlobalSection
	GlobalSection(SolutionProperties) = preSolution
		HideSolutionNode = FALSE
	EndGlobalSection
EndGlobal
